
Microsoft Visual Studio Solution File, Format Version 12.00
# Visual Studio Version 17
VisualStudioVersion = 17.5.33402.96
MinimumVisualStudioVersion = 15.0.26124.0
Project("{2150E333-8FDC-42A3-9474-1A3956D46DE8}") = "src", "src", "{FC52B77E-FB27-40B8-B607-D69129F1752E}"
EndProject
Project("{9A19103F-16F7-4668-BE54-9A1E7A4F7556}") = "Comeback.Api", "src\Comeback.Api\Comeback.Api.csproj", "{7A382E12-531D-494B-AF4E-3D623F4EDBD8}"
EndProject
Project("{9A19103F-16F7-4668-BE54-9A1E7A4F7556}") = "Comeback.Core", "src\Comeback.Core\Comeback.Core.csproj", "{621F72CC-70B6-40F1-A24C-E651FACC6DC9}"
EndProject
Project("{9A19103F-16F7-4668-BE54-9A1E7A4F7556}") = "Comeback.Infrastructure", "src\Comeback.Infrastructure\Comeback.Infrastructure.csproj", "{0692EF50-83FA-4882-8662-3FAC87421E25}"
EndProject
Global
	GlobalSection(SolutionConfigurationPlatforms) = preSolution
		Debug|Any CPU = Debug|Any CPU
		Debug|x64 = Debug|x64
		Debug|x86 = Debug|x86
		Release|Any CPU = Release|Any CPU
		Release|x64 = Release|x64
		Release|x86 = Release|x86
	EndGlobalSection
	GlobalSection(ProjectConfigurationPlatforms) = postSolution
		{7A382E12-531D-494B-AF4E-3D623F4EDBD8}.Debug|Any CPU.ActiveCfg = Debug|Any CPU
		{7A382E12-531D-494B-AF4E-3D623F4EDBD8}.Debug|Any CPU.Build.0 = Debug|Any CPU
		{7A382E12-531D-494B-AF4E-3D623F4EDBD8}.Debug|x64.ActiveCfg = Debug|Any CPU
		{7A382E12-531D-494B-AF4E-3D623F4EDBD8}.Debug|x64.Build.0 = Debug|Any CPU
		{7A382E12-531D-494B-AF4E-3D623F4EDBD8}.Debug|x86.ActiveCfg = Debug|Any CPU
		{7A382E12-531D-494B-AF4E-3D623F4EDBD8}.Debug|x86.Build.0 = Debug|Any CPU
		{7A382E12-531D-494B-AF4E-3D623F4EDBD8}.Release|Any CPU.ActiveCfg = Release|Any CPU
		{7A382E12-531D-494B-AF4E-3D623F4EDBD8}.Release|Any CPU.Build.0 = Release|Any CPU
		{7A382E12-531D-494B-AF4E-3D623F4EDBD8}.Release|x64.ActiveCfg = Release|Any CPU
		{7A382E12-531D-494B-AF4E-3D623F4EDBD8}.Release|x64.Build.0 = Release|Any CPU
		{7A382E12-531D-494B-AF4E-3D623F4EDBD8}.Release|x86.ActiveCfg = Release|Any CPU
		{7A382E12-531D-494B-AF4E-3D623F4EDBD8}.Release|x86.Build.0 = Release|Any CPU
		{621F72CC-70B6-40F1-A24C-E651FACC6DC9}.Debug|Any CPU.ActiveCfg = Debug|Any CPU
		{621F72CC-70B6-40F1-A24C-E651FACC6DC9}.Debug|Any CPU.Build.0 = Debug|Any CPU
		{621F72CC-70B6-40F1-A24C-E651FACC6DC9}.Debug|x64.ActiveCfg = Debug|Any CPU
		{621F72CC-70B6-40F1-A24C-E651FACC6DC9}.Debug|x64.Build.0 = Debug|Any CPU
		{621F72CC-70B6-40F1-A24C-E651FACC6DC9}.Debug|x86.ActiveCfg = Debug|Any CPU
		{621F72CC-70B6-40F1-A24C-E651FACC6DC9}.Debug|x86.Build.0 = Debug|Any CPU
		{621F72CC-70B6-40F1-A24C-E651FACC6DC9}.Release|Any CPU.ActiveCfg = Release|Any CPU
		{621F72CC-70B6-40F1-A24C-E651FACC6DC9}.Release|Any CPU.Build.0 = Release|Any CPU
		{621F72CC-70B6-40F1-A24C-E651FACC6DC9}.Release|x64.ActiveCfg = Release|Any CPU
		{621F72CC-70B6-40F1-A24C-E651FACC6DC9}.Release|x64.Build.0 = Release|Any CPU
		{621F72CC-70B6-40F1-A24C-E651FACC6DC9}.Release|x86.ActiveCfg = Release|Any CPU
		{621F72CC-70B6-40F1-A24C-E651FACC6DC9}.Release|x86.Build.0 = Release|Any CPU
		{0692EF50-83FA-4882-8662-3FAC87421E25}.Debug|Any CPU.ActiveCfg = Debug|Any CPU
		{0692EF50-83FA-4882-8662-3FAC87421E25}.Debug|Any CPU.Build.0 = Debug|Any CPU
		{0692EF50-83FA-4882-8662-3FAC87421E25}.Debug|x64.ActiveCfg = Debug|Any CPU
		{0692EF50-83FA-4882-8662-3FAC87421E25}.Debug|x64.Build.0 = Debug|Any CPU
		{0692EF50-83FA-4882-8662-3FAC87421E25}.Debug|x86.ActiveCfg = Debug|Any CPU
		{0692EF50-83FA-4882-8662-3FAC87421E25}.Debug|x86.Build.0 = Debug|Any CPU
		{0692EF50-83FA-4882-8662-3FAC87421E25}.Release|Any CPU.ActiveCfg = Release|Any CPU
		{0692EF50-83FA-4882-8662-3FAC87421E25}.Release|Any CPU.Build.0 = Release|Any CPU
		{0692EF50-83FA-4882-8662-3FAC87421E25}.Release|x64.ActiveCfg = Release|Any CPU
		{0692EF50-83FA-4882-8662-3FAC87421E25}.Release|x64.Build.0 = Release|Any CPU
		{0692EF50-83FA-4882-8662-3FAC87421E25}.Release|x86.ActiveCfg = Release|Any CPU
		{0692EF50-83FA-4882-8662-3FAC87421E25}.Release|x86.Build.0 = Release|Any CPU
	EndGlobalSection
	GlobalSection(SolutionProperties) = preSolution
		HideSolutionNode = FALSE
	EndGlobalSection
	GlobalSection(NestedProjects) = preSolution
		{7A382E12-531D-494B-AF4E-3D623F4EDBD8} = {FC52B77E-FB27-40B8-B607-D69129F1752E}
		{621F72CC-70B6-40F1-A24C-E651FACC6DC9} = {FC52B77E-FB27-40B8-B607-D69129F1752E}
		{0692EF50-83FA-4882-8662-3FAC87421E25} = {FC52B77E-FB27-40B8-B607-D69129F1752E}
	EndGlobalSection
	GlobalSection(ExtensibilityGlobals) = postSolution
		SolutionGuid = {942F8597-305C-4B77-8791-9C27E20BE64F}
	EndGlobalSection
EndGlobal
